// !$*UTF8*$!
{
	archiveVersion = 1;
	classes = {
	};
	objectVersion = 55;
	objects = {

/* Begin PBXBuildFile section */
		3CAE28C62898D19E003F03E5 /* AppDelegate.m in Sources */ = {isa = PBXBuildFile; fileRef = 3CAE28C52898D19E003F03E5 /* AppDelegate.m */; };
		3CAE28C92898D19E003F03E5 /* SceneDelegate.m in Sources */ = {isa = PBXBuildFile; fileRef = 3CAE28C82898D19E003F03E5 /* SceneDelegate.m */; };
		3CAE28CC2898D19E003F03E5 /* ViewController.m in Sources */ = {isa = PBXBuildFile; fileRef = 3CAE28CB2898D19E003F03E5 /* ViewController.m */; };
		3CAE28CF2898D19E003F03E5 /* Main.storyboard in Resources */ = {isa = PBXBuildFile; fileRef = 3CAE28CD2898D19E003F03E5 /* Main.storyboard */; };
		3CAE28D12898D1A0003F03E5 /* Assets.xcassets in Resources */ = {isa = PBXBuildFile; fileRef = 3CAE28D02898D1A0003F03E5 /* Assets.xcassets */; };
		3CAE28D42898D1A0003F03E5 /* LaunchScreen.storyboard in Resources */ = {isa = PBXBuildFile; fileRef = 3CAE28D22898D1A0003F03E5 /* LaunchScreen.storyboard */; };
		3CAE28D72898D1A0003F03E5 /* main.m in Sources */ = {isa = PBXBuildFile; fileRef = 3CAE28D62898D1A0003F03E5 /* main.m */; };
		3CE264EF28A69115004F8D6E /* Kit.docc in Sources */ = {isa = PBXBuildFile; fileRef = 3CE264EE28A69115004F8D6E /* Kit.docc */; };
		3CE264F028A69115004F8D6E /* Kit.h in Headers */ = {isa = PBXBuildFile; fileRef = 3CE264ED28A69115004F8D6E /* Kit.h */; settings = {ATTRIBUTES = (Public, ); }; };
		3CE264F328A69115004F8D6E /* Kit.framework in Frameworks */ = {isa = PBXBuildFile; fileRef = 3CE264EB28A69115004F8D6E /* Kit.framework */; };
		3CE264F428A69115004F8D6E /* Kit.framework in Embed Frameworks */ = {isa = PBXBuildFile; fileRef = 3CE264EB28A69115004F8D6E /* Kit.framework */; settings = {ATTRIBUTES = (CodeSignOnCopy, RemoveHeadersOnCopy, ); }; };
		3CE264FB28A69148004F8D6E /* KitObject.h in Headers */ = {isa = PBXBuildFile; fileRef = 3CE264F928A69148004F8D6E /* KitObject.h */; };
		3CE264FC28A69148004F8D6E /* KitObject.m in Sources */ = {isa = PBXBuildFile; fileRef = 3CE264FA28A69148004F8D6E /* KitObject.m */; };
		83E450D3F05C75ADCC042EF8 /* libPods-ccache-sample.a in Frameworks */ = {isa = PBXBuildFile; fileRef = D6924FFD53B184A0B8FAC0BF /* libPods-ccache-sample.a */; };
/* End PBXBuildFile section */

/* Begin PBXContainerItemProxy section */
		3CE264F128A69115004F8D6E /* PBXContainerItemProxy */ = {
			isa = PBXContainerItemProxy;
			containerPortal = 3CAE28B92898D19E003F03E5 /* Project object */;
			proxyType = 1;
			remoteGlobalIDString = 3CE264EA28A69115004F8D6E;
			remoteInfo = Kit;
		};
/* End PBXContainerItemProxy section */

/* Begin PBXCopyFilesBuildPhase section */
		3CE264F528A69115004F8D6E /* Embed Frameworks */ = {
			isa = PBXCopyFilesBuildPhase;
			buildActionMask = 2147483647;
			dstPath = "";
			dstSubfolderSpec = 10;
			files = (
				3CE264F428A69115004F8D6E /* Kit.framework in Embed Frameworks */,
			);
			name = "Embed Frameworks";
			runOnlyForDeploymentPostprocessing = 0;
		};
/* End PBXCopyFilesBuildPhase section */

/* Begin PBXFileReference section */
		1FC0B7B52EC49B34A95DC8FD /* Pods-ccache-sample.release.xcconfig */ = {isa = PBXFileReference; includeInIndex = 1; lastKnownFileType = text.xcconfig; name = "Pods-ccache-sample.release.xcconfig"; path = "Target Support Files/Pods-ccache-sample/Pods-ccache-sample.release.xcconfig"; sourceTree = "<group>"; };
		3C7A27B52898FC4B0098290F /* Config.xcconfig */ = {isa = PBXFileReference; lastKnownFileType = text.xcconfig; name = Config.xcconfig; path = "ccache-sample/Config.xcconfig"; sourceTree = "<group>"; };
		3C7F51B6289CC35600AB3470 /* config.yaml */ = {isa = PBXFileReference; lastKnownFileType = text.yaml; name = config.yaml; path = ../config.yaml; sourceTree = "<group>"; };
		3CAE28C12898D19E003F03E5 /* ccache-sample.app */ = {isa = PBXFileReference; explicitFileType = wrapper.application; includeInIndex = 0; path = "ccache-sample.app"; sourceTree = BUILT_PRODUCTS_DIR; };
		3CAE28C42898D19E003F03E5 /* AppDelegate.h */ = {isa = PBXFileReference; lastKnownFileType = sourcecode.c.h; path = AppDelegate.h; sourceTree = "<group>"; };
		3CAE28C52898D19E003F03E5 /* AppDelegate.m */ = {isa = PBXFileReference; lastKnownFileType = sourcecode.c.objc; path = AppDelegate.m; sourceTree = "<group>"; };
		3CAE28C72898D19E003F03E5 /* SceneDelegate.h */ = {isa = PBXFileReference; lastKnownFileType = sourcecode.c.h; path = SceneDelegate.h; sourceTree = "<group>"; };
		3CAE28C82898D19E003F03E5 /* SceneDelegate.m */ = {isa = PBXFileReference; lastKnownFileType = sourcecode.c.objc; path = SceneDelegate.m; sourceTree = "<group>"; };
		3CAE28CA2898D19E003F03E5 /* ViewController.h */ = {isa = PBXFileReference; lastKnownFileType = sourcecode.c.h; path = ViewController.h; sourceTree = "<group>"; };
		3CAE28CB2898D19E003F03E5 /* ViewController.m */ = {isa = PBXFileReference; lastKnownFileType = sourcecode.c.objc; path = ViewController.m; sourceTree = "<group>"; };
		3CAE28CE2898D19E003F03E5 /* Base */ = {isa = PBXFileReference; lastKnownFileType = file.storyboard; name = Base; path = Base.lproj/Main.storyboard; sourceTree = "<group>"; };
		3CAE28D02898D1A0003F03E5 /* Assets.xcassets */ = {isa = PBXFileReference; lastKnownFileType = folder.assetcatalog; path = Assets.xcassets; sourceTree = "<group>"; };
		3CAE28D32898D1A0003F03E5 /* Base */ = {isa = PBXFileReference; lastKnownFileType = file.storyboard; name = Base; path = Base.lproj/LaunchScreen.storyboard; sourceTree = "<group>"; };
		3CAE28D52898D1A0003F03E5 /* Info.plist */ = {isa = PBXFileReference; lastKnownFileType = text.plist.xml; path = Info.plist; sourceTree = "<group>"; };
		3CAE28D62898D1A0003F03E5 /* main.m */ = {isa = PBXFileReference; lastKnownFileType = sourcecode.c.objc; path = main.m; sourceTree = "<group>"; };
		3CB9B4B4289D2DB8007EDC91 /* ccache-clang++ */ = {isa = PBXFileReference; lastKnownFileType = text.script.sh; path = "ccache-clang++"; sourceTree = "<group>"; };
		3CB9B4B5289D2DB8007EDC91 /* ccache-clang */ = {isa = PBXFileReference; lastKnownFileType = text.script.sh; path = "ccache-clang"; sourceTree = "<group>"; };
		3CE264EB28A69115004F8D6E /* Kit.framework */ = {isa = PBXFileReference; explicitFileType = wrapper.framework; includeInIndex = 0; path = Kit.framework; sourceTree = BUILT_PRODUCTS_DIR; };
		3CE264ED28A69115004F8D6E /* Kit.h */ = {isa = PBXFileReference; lastKnownFileType = sourcecode.c.h; path = Kit.h; sourceTree = "<group>"; };
		3CE264EE28A69115004F8D6E /* Kit.docc */ = {isa = PBXFileReference; lastKnownFileType = folder.documentationcatalog; path = Kit.docc; sourceTree = "<group>"; };
		3CE264F928A69148004F8D6E /* KitObject.h */ = {isa = PBXFileReference; lastKnownFileType = sourcecode.c.h; path = KitObject.h; sourceTree = "<group>"; };
		3CE264FA28A69148004F8D6E /* KitObject.m */ = {isa = PBXFileReference; lastKnownFileType = sourcecode.c.objc; path = KitObject.m; sourceTree = "<group>"; };
		D6924FFD53B184A0B8FAC0BF /* libPods-ccache-sample.a */ = {isa = PBXFileReference; explicitFileType = archive.ar; includeInIndex = 0; path = "libPods-ccache-sample.a"; sourceTree = BUILT_PRODUCTS_DIR; };
		F0FFDD2734A4E6340B4C1099 /* Pods-ccache-sample.debug.xcconfig */ = {isa = PBXFileReference; includeInIndex = 1; lastKnownFileType = text.xcconfig; name = "Pods-ccache-sample.debug.xcconfig"; path = "Target Support Files/Pods-ccache-sample/Pods-ccache-sample.debug.xcconfig"; sourceTree = "<group>"; };
/* End PBXFileReference section */

/* Begin PBXFrameworksBuildPhase section */
		3CAE28BE2898D19E003F03E5 /* Frameworks */ = {
			isa = PBXFrameworksBuildPhase;
			buildActionMask = 2147483647;
			files = (
				83E450D3F05C75ADCC042EF8 /* libPods-ccache-sample.a in Frameworks */,
				3CE264F328A69115004F8D6E /* Kit.framework in Frameworks */,
			);
			runOnlyForDeploymentPostprocessing = 0;
		};
		3CE264E828A69115004F8D6E /* Frameworks */ = {
			isa = PBXFrameworksBuildPhase;
			buildActionMask = 2147483647;
			files = (
			);
			runOnlyForDeploymentPostprocessing = 0;
		};
/* End PBXFrameworksBuildPhase section */

/* Begin PBXGroup section */
		3CAE28B82898D19E003F03E5 = {
			isa = PBXGroup;
			children = (
				3CB9B4B2289D2DB8007EDC91 /* ccache */,
				3C7A27B52898FC4B0098290F /* Config.xcconfig */,
				3C7F51B6289CC35600AB3470 /* config.yaml */,
				3CAE28C32898D19E003F03E5 /* ccache-sample */,
				3CE264EC28A69115004F8D6E /* Kit */,
				3CAE28C22898D19E003F03E5 /* Products */,
				5F741CB8448A8001B95B5946 /* Pods */,
				4DDF2A0FAF78C990372C501B /* Frameworks */,
			);
			sourceTree = "<group>";
		};
		3CAE28C22898D19E003F03E5 /* Products */ = {
			isa = PBXGroup;
			children = (
				3CAE28C12898D19E003F03E5 /* ccache-sample.app */,
				3CE264EB28A69115004F8D6E /* Kit.framework */,
			);
			name = Products;
			sourceTree = "<group>";
		};
		3CAE28C32898D19E003F03E5 /* ccache-sample */ = {
			isa = PBXGroup;
			children = (
				3CAE28C42898D19E003F03E5 /* AppDelegate.h */,
				3CAE28C52898D19E003F03E5 /* AppDelegate.m */,
				3CAE28C72898D19E003F03E5 /* SceneDelegate.h */,
				3CAE28C82898D19E003F03E5 /* SceneDelegate.m */,
				3CAE28CA2898D19E003F03E5 /* ViewController.h */,
				3CAE28CB2898D19E003F03E5 /* ViewController.m */,
				3CAE28CD2898D19E003F03E5 /* Main.storyboard */,
				3CAE28D02898D1A0003F03E5 /* Assets.xcassets */,
				3CAE28D22898D1A0003F03E5 /* LaunchScreen.storyboard */,
				3CAE28D52898D1A0003F03E5 /* Info.plist */,
				3CAE28D62898D1A0003F03E5 /* main.m */,
			);
			path = "ccache-sample";
			sourceTree = "<group>";
		};
		3CB9B4B2289D2DB8007EDC91 /* ccache */ = {
			isa = PBXGroup;
			children = (
				3CB9B4B4289D2DB8007EDC91 /* ccache-clang++ */,
				3CB9B4B5289D2DB8007EDC91 /* ccache-clang */,
			);
			path = ccache;
			sourceTree = "<group>";
		};
		3CE264EC28A69115004F8D6E /* Kit */ = {
			isa = PBXGroup;
			children = (
				3CE264ED28A69115004F8D6E /* Kit.h */,
				3CE264F928A69148004F8D6E /* KitObject.h */,
				3CE264FA28A69148004F8D6E /* KitObject.m */,
				3CE264EE28A69115004F8D6E /* Kit.docc */,
			);
			path = Kit;
			sourceTree = "<group>";
		};
		4DDF2A0FAF78C990372C501B /* Frameworks */ = {
			isa = PBXGroup;
			children = (
				D6924FFD53B184A0B8FAC0BF /* libPods-ccache-sample.a */,
			);
			name = Frameworks;
			sourceTree = "<group>";
		};
		5F741CB8448A8001B95B5946 /* Pods */ = {
			isa = PBXGroup;
			children = (
				F0FFDD2734A4E6340B4C1099 /* Pods-ccache-sample.debug.xcconfig */,
				1FC0B7B52EC49B34A95DC8FD /* Pods-ccache-sample.release.xcconfig */,
			);
			path = Pods;
			sourceTree = "<group>";
		};
/* End PBXGroup section */

/* Begin PBXHeadersBuildPhase section */
		3CE264E628A69115004F8D6E /* Headers */ = {
			isa = PBXHeadersBuildPhase;
			buildActionMask = 2147483647;
			files = (
				3CE264FB28A69148004F8D6E /* KitObject.h in Headers */,
				3CE264F028A69115004F8D6E /* Kit.h in Headers */,
			);
			runOnlyForDeploymentPostprocessing = 0;
		};
/* End PBXHeadersBuildPhase section */

/* Begin PBXNativeTarget section */
		3CAE28C02898D19E003F03E5 /* ccache-sample */ = {
			isa = PBXNativeTarget;
			buildConfigurationList = 3CAE28DA2898D1A0003F03E5 /* Build configuration list for PBXNativeTarget "ccache-sample" */;
			buildPhases = (
				263772EA24A9CF8147D3125E /* [CP] Check Pods Manifest.lock */,
				3CAE28BD2898D19E003F03E5 /* Sources */,
				3CAE28BE2898D19E003F03E5 /* Frameworks */,
				3CAE28BF2898D19E003F03E5 /* Resources */,
				02E7081F81285C70A846DC70 /* [CP] Copy Pods Resources */,
				3CE264F528A69115004F8D6E /* Embed Frameworks */,
			);
			buildRules = (
			);
			dependencies = (
				3CE264F228A69115004F8D6E /* PBXTargetDependency */,
			);
			name = "ccache-sample";
			productName = "ccache-sample";
			productReference = 3CAE28C12898D19E003F03E5 /* ccache-sample.app */;
			productType = "com.apple.product-type.application";
		};
		3CE264EA28A69115004F8D6E /* Kit */ = {
			isa = PBXNativeTarget;
			buildConfigurationList = 3CE264F828A69115004F8D6E /* Build configuration list for PBXNativeTarget "Kit" */;
			buildPhases = (
				3CE264E628A69115004F8D6E /* Headers */,
				3CE264E728A69115004F8D6E /* Sources */,
				3CE264E828A69115004F8D6E /* Frameworks */,
				3CE264E928A69115004F8D6E /* Resources */,
			);
			buildRules = (
			);
			dependencies = (
			);
			name = Kit;
			productName = Kit;
			productReference = 3CE264EB28A69115004F8D6E /* Kit.framework */;
			productType = "com.apple.product-type.framework";
		};
/* End PBXNativeTarget section */

/* Begin PBXProject section */
		3CAE28B92898D19E003F03E5 /* Project object */ = {
			isa = PBXProject;
			attributes = {
				BuildIndependentTargetsInParallel = 1;
				LastUpgradeCheck = 1340;
				TargetAttributes = {
					3CAE28C02898D19E003F03E5 = {
						CreatedOnToolsVersion = 13.4;
					};
					3CE264EA28A69115004F8D6E = {
						CreatedOnToolsVersion = 13.2.1;
					};
				};
			};
			buildConfigurationList = 3CAE28BC2898D19E003F03E5 /* Build configuration list for PBXProject "ccache-sample" */;
			compatibilityVersion = "Xcode 13.0";
			developmentRegion = en;
			hasScannedForEncodings = 0;
			knownRegions = (
				en,
				Base,
			);
			mainGroup = 3CAE28B82898D19E003F03E5;
			productRefGroup = 3CAE28C22898D19E003F03E5 /* Products */;
			projectDirPath = "";
			projectRoot = "";
			targets = (
				3CAE28C02898D19E003F03E5 /* ccache-sample */,
				3CE264EA28A69115004F8D6E /* Kit */,
			);
		};
/* End PBXProject section */

/* Begin PBXResourcesBuildPhase section */
		3CAE28BF2898D19E003F03E5 /* Resources */ = {
			isa = PBXResourcesBuildPhase;
			buildActionMask = 2147483647;
			files = (
				3CAE28D42898D1A0003F03E5 /* LaunchScreen.storyboard in Resources */,
				3CAE28D12898D1A0003F03E5 /* Assets.xcassets in Resources */,
				3CAE28CF2898D19E003F03E5 /* Main.storyboard in Resources */,
			);
			runOnlyForDeploymentPostprocessing = 0;
		};
		3CE264E928A69115004F8D6E /* Resources */ = {
			isa = PBXResourcesBuildPhase;
			buildActionMask = 2147483647;
			files = (
			);
			runOnlyForDeploymentPostprocessing = 0;
		};
/* End PBXResourcesBuildPhase section */

/* Begin PBXShellScriptBuildPhase section */
		02E7081F81285C70A846DC70 /* [CP] Copy Pods Resources */ = {
			isa = PBXShellScriptBuildPhase;
			buildActionMask = 2147483647;
			files = (
			);
			inputFileListPaths = (
				"${PODS_ROOT}/Target Support Files/Pods-ccache-sample/Pods-ccache-sample-resources-${CONFIGURATION}-input-files.xcfilelist",
			);
			name = "[CP] Copy Pods Resources";
			outputFileListPaths = (
				"${PODS_ROOT}/Target Support Files/Pods-ccache-sample/Pods-ccache-sample-resources-${CONFIGURATION}-output-files.xcfilelist",
			);
			runOnlyForDeploymentPostprocessing = 0;
			shellPath = /bin/sh;
			shellScript = "\"${PODS_ROOT}/Target Support Files/Pods-ccache-sample/Pods-ccache-sample-resources.sh\"\n";
			showEnvVarsInLog = 0;
		};
		263772EA24A9CF8147D3125E /* [CP] Check Pods Manifest.lock */ = {
			isa = PBXShellScriptBuildPhase;
			buildActionMask = 2147483647;
			files = (
			);
			inputFileListPaths = (
			);
			inputPaths = (
				"${PODS_PODFILE_DIR_PATH}/Podfile.lock",
				"${PODS_ROOT}/Manifest.lock",
			);
			name = "[CP] Check Pods Manifest.lock";
			outputFileListPaths = (
			);
			outputPaths = (
				"$(DERIVED_FILE_DIR)/Pods-ccache-sample-checkManifestLockResult.txt",
			);
			runOnlyForDeploymentPostprocessing = 0;
			shellPath = /bin/sh;
			shellScript = "diff \"${PODS_PODFILE_DIR_PATH}/Podfile.lock\" \"${PODS_ROOT}/Manifest.lock\" > /dev/null\nif [ $? != 0 ] ; then\n    # print error to STDERR\n    echo \"error: The sandbox is not in sync with the Podfile.lock. Run 'pod install' or update your CocoaPods installation.\" >&2\n    exit 1\nfi\n# This output is used by Xcode 'outputs' to avoid re-running this script phase.\necho \"SUCCESS\" > \"${SCRIPT_OUTPUT_FILE_0}\"\n";
			showEnvVarsInLog = 0;
		};
/* End PBXShellScriptBuildPhase section */

/* Begin PBXSourcesBuildPhase section */
		3CAE28BD2898D19E003F03E5 /* Sources */ = {
			isa = PBXSourcesBuildPhase;
			buildActionMask = 2147483647;
			files = (
				3CAE28CC2898D19E003F03E5 /* ViewController.m in Sources */,
				3CAE28C62898D19E003F03E5 /* AppDelegate.m in Sources */,
				3CAE28D72898D1A0003F03E5 /* main.m in Sources */,
				3CAE28C92898D19E003F03E5 /* SceneDelegate.m in Sources */,
			);
			runOnlyForDeploymentPostprocessing = 0;
		};
		3CE264E728A69115004F8D6E /* Sources */ = {
			isa = PBXSourcesBuildPhase;
			buildActionMask = 2147483647;
			files = (
				3CE264EF28A69115004F8D6E /* Kit.docc in Sources */,
				3CE264FC28A69148004F8D6E /* KitObject.m in Sources */,
			);
			runOnlyForDeploymentPostprocessing = 0;
		};
/* End PBXSourcesBuildPhase section */

/* Begin PBXTargetDependency section */
		3CE264F228A69115004F8D6E /* PBXTargetDependency */ = {
			isa = PBXTargetDependency;
			target = 3CE264EA28A69115004F8D6E /* Kit */;
			targetProxy = 3CE264F128A69115004F8D6E /* PBXContainerItemProxy */;
		};
/* End PBXTargetDependency section */

/* Begin PBXVariantGroup section */
		3CAE28CD2898D19E003F03E5 /* Main.storyboard */ = {
			isa = PBXVariantGroup;
			children = (
				3CAE28CE2898D19E003F03E5 /* Base */,
			);
			name = Main.storyboard;
			sourceTree = "<group>";
		};
		3CAE28D22898D1A0003F03E5 /* LaunchScreen.storyboard */ = {
			isa = PBXVariantGroup;
			children = (
				3CAE28D32898D1A0003F03E5 /* Base */,
			);
			name = LaunchScreen.storyboard;
			sourceTree = "<group>";
		};
/* End PBXVariantGroup section */

/* Begin XCBuildConfiguration section */
		3CAE28D82898D1A0003F03E5 /* Debug */ = {
			isa = XCBuildConfiguration;
			baseConfigurationReference = 3C7A27B52898FC4B0098290F /* Config.xcconfig */;
			buildSettings = {
				ALWAYS_SEARCH_USER_PATHS = NO;
				CLANG_ANALYZER_NONNULL = YES;
				CLANG_ANALYZER_NUMBER_OBJECT_CONVERSION = YES_AGGRESSIVE;
				CLANG_CXX_LANGUAGE_STANDARD = "gnu++17";
				CLANG_ENABLE_MODULES = YES;
				CLANG_ENABLE_OBJC_ARC = YES;
				CLANG_ENABLE_OBJC_WEAK = YES;
				CLANG_WARN_BLOCK_CAPTURE_AUTORELEASING = YES;
				CLANG_WARN_BOOL_CONVERSION = YES;
				CLANG_WARN_COMMA = YES;
				CLANG_WARN_CONSTANT_CONVERSION = YES;
				CLANG_WARN_DEPRECATED_OBJC_IMPLEMENTATIONS = YES;
				CLANG_WARN_DIRECT_OBJC_ISA_USAGE = YES_ERROR;
				CLANG_WARN_DOCUMENTATION_COMMENTS = YES;
				CLANG_WARN_EMPTY_BODY = YES;
				CLANG_WARN_ENUM_CONVERSION = YES;
				CLANG_WARN_INFINITE_RECURSION = YES;
				CLANG_WARN_INT_CONVERSION = YES;
				CLANG_WARN_NON_LITERAL_NULL_CONVERSION = YES;
				CLANG_WARN_OBJC_IMPLICIT_RETAIN_SELF = YES;
				CLANG_WARN_OBJC_LITERAL_CONVERSION = YES;
				CLANG_WARN_OBJC_ROOT_CLASS = YES_ERROR;
				CLANG_WARN_QUOTED_INCLUDE_IN_FRAMEWORK_HEADER = YES;
				CLANG_WARN_RANGE_LOOP_ANALYSIS = YES;
				CLANG_WARN_STRICT_PROTOTYPES = YES;
				CLANG_WARN_SUSPICIOUS_MOVE = YES;
				CLANG_WARN_UNGUARDED_AVAILABILITY = YES_AGGRESSIVE;
				CLANG_WARN_UNREACHABLE_CODE = YES;
				CLANG_WARN__DUPLICATE_METHOD_MATCH = YES;
				COPY_PHASE_STRIP = NO;
				DEBUG_INFORMATION_FORMAT = dwarf;
				ENABLE_STRICT_OBJC_MSGSEND = YES;
				ENABLE_TESTABILITY = YES;
				GCC_C_LANGUAGE_STANDARD = gnu11;
				GCC_DYNAMIC_NO_PIC = NO;
				GCC_NO_COMMON_BLOCKS = YES;
				GCC_OPTIMIZATION_LEVEL = 0;
				GCC_PREPROCESSOR_DEFINITIONS = (
					"DEBUG=1",
					"$(inherited)",
				);
				GCC_WARN_64_TO_32_BIT_CONVERSION = YES;
				GCC_WARN_ABOUT_RETURN_TYPE = YES_ERROR;
				GCC_WARN_UNDECLARED_SELECTOR = YES;
				GCC_WARN_UNINITIALIZED_AUTOS = YES_AGGRESSIVE;
				GCC_WARN_UNUSED_FUNCTION = YES;
				GCC_WARN_UNUSED_VARIABLE = YES;
				IPHONEOS_DEPLOYMENT_TARGET = 15.5;
				MTL_ENABLE_DEBUG_INFO = INCLUDE_SOURCE;
				MTL_FAST_MATH = YES;
				ONLY_ACTIVE_ARCH = YES;
				SDKROOT = iphoneos;
			};
			name = Debug;
		};
		3CAE28D92898D1A0003F03E5 /* Release */ = {
			isa = XCBuildConfiguration;
			baseConfigurationReference = 3C7A27B52898FC4B0098290F /* Config.xcconfig */;
			buildSettings = {
				ALWAYS_SEARCH_USER_PATHS = NO;
				CLANG_ANALYZER_NONNULL = YES;
				CLANG_ANALYZER_NUMBER_OBJECT_CONVERSION = YES_AGGRESSIVE;
				CLANG_CXX_LANGUAGE_STANDARD = "gnu++17";
				CLANG_ENABLE_MODULES = YES;
				CLANG_ENABLE_OBJC_ARC = YES;
				CLANG_ENABLE_OBJC_WEAK = YES;
				CLANG_WARN_BLOCK_CAPTURE_AUTORELEASING = YES;
				CLANG_WARN_BOOL_CONVERSION = YES;
				CLANG_WARN_COMMA = YES;
				CLANG_WARN_CONSTANT_CONVERSION = YES;
				CLANG_WARN_DEPRECATED_OBJC_IMPLEMENTATIONS = YES;
				CLANG_WARN_DIRECT_OBJC_ISA_USAGE = YES_ERROR;
				CLANG_WARN_DOCUMENTATION_COMMENTS = YES;
				CLANG_WARN_EMPTY_BODY = YES;
				CLANG_WARN_ENUM_CONVERSION = YES;
				CLANG_WARN_INFINITE_RECURSION = YES;
				CLANG_WARN_INT_CONVERSION = YES;
				CLANG_WARN_NON_LITERAL_NULL_CONVERSION = YES;
				CLANG_WARN_OBJC_IMPLICIT_RETAIN_SELF = YES;
				CLANG_WARN_OBJC_LITERAL_CONVERSION = YES;
				CLANG_WARN_OBJC_ROOT_CLASS = YES_ERROR;
				CLANG_WARN_QUOTED_INCLUDE_IN_FRAMEWORK_HEADER = YES;
				CLANG_WARN_RANGE_LOOP_ANALYSIS = YES;
				CLANG_WARN_STRICT_PROTOTYPES = YES;
				CLANG_WARN_SUSPICIOUS_MOVE = YES;
				CLANG_WARN_UNGUARDED_AVAILABILITY = YES_AGGRESSIVE;
				CLANG_WARN_UNREACHABLE_CODE = YES;
				CLANG_WARN__DUPLICATE_METHOD_MATCH = YES;
				COPY_PHASE_STRIP = NO;
				DEBUG_INFORMATION_FORMAT = "dwarf-with-dsym";
				ENABLE_NS_ASSERTIONS = NO;
				ENABLE_STRICT_OBJC_MSGSEND = YES;
				GCC_C_LANGUAGE_STANDARD = gnu11;
				GCC_NO_COMMON_BLOCKS = YES;
				GCC_WARN_64_TO_32_BIT_CONVERSION = YES;
				GCC_WARN_ABOUT_RETURN_TYPE = YES_ERROR;
				GCC_WARN_UNDECLARED_SELECTOR = YES;
				GCC_WARN_UNINITIALIZED_AUTOS = YES_AGGRESSIVE;
				GCC_WARN_UNUSED_FUNCTION = YES;
				GCC_WARN_UNUSED_VARIABLE = YES;
				IPHONEOS_DEPLOYMENT_TARGET = 15.5;
				MTL_ENABLE_DEBUG_INFO = NO;
				MTL_FAST_MATH = YES;
				SDKROOT = iphoneos;
				VALIDATE_PRODUCT = YES;
			};
			name = Release;
		};
		3CAE28DB2898D1A0003F03E5 /* Debug */ = {
			isa = XCBuildConfiguration;
			baseConfigurationReference = F0FFDD2734A4E6340B4C1099 /* Pods-ccache-sample.debug.xcconfig */;
			buildSettings = {
				ASSETCATALOG_COMPILER_APPICON_NAME = AppIcon;
				ASSETCATALOG_COMPILER_GLOBAL_ACCENT_COLOR_NAME = AccentColor;
				CODE_SIGN_IDENTITY = "iPhone Developer";
				CODE_SIGN_STYLE = Manual;
				CURRENT_PROJECT_VERSION = 1;
				DEVELOPMENT_TEAM = 492U995837;
				GENERATE_INFOPLIST_FILE = YES;
				INFOPLIST_FILE = "ccache-sample/Info.plist";
				INFOPLIST_KEY_UIApplicationSupportsIndirectInputEvents = YES;
				INFOPLIST_KEY_UILaunchStoryboardName = LaunchScreen;
				INFOPLIST_KEY_UIMainStoryboardFile = Main;
				INFOPLIST_KEY_UISupportedInterfaceOrientations_iPad = "UIInterfaceOrientationPortrait UIInterfaceOrientationPortraitUpsideDown UIInterfaceOrientationLandscapeLeft UIInterfaceOrientationLandscapeRight";
				INFOPLIST_KEY_UISupportedInterfaceOrientations_iPhone = "UIInterfaceOrientationPortrait UIInterfaceOrientationLandscapeLeft UIInterfaceOrientationLandscapeRight";
				IPHONEOS_DEPLOYMENT_TARGET = 13.0;
				LD_RUNPATH_SEARCH_PATHS = (
					"$(inherited)",
					"@executable_path/Frameworks",
				);
				MARKETING_VERSION = 1.0;
				PRODUCT_BUNDLE_IDENTIFIER = "com.taihe.ccache-sample";
				PRODUCT_NAME = "$(TARGET_NAME)";
				PROVISIONING_PROFILE_SPECIFIER = "match Development com.taihe.*";
				SWIFT_EMIT_LOC_STRINGS = YES;
				TARGETED_DEVICE_FAMILY = "1,2";
			};
			name = Debug;
		};
		3CAE28DC2898D1A0003F03E5 /* Release */ = {
			isa = XCBuildConfiguration;
			baseConfigurationReference = 1FC0B7B52EC49B34A95DC8FD /* Pods-ccache-sample.release.xcconfig */;
			buildSettings = {
				ASSETCATALOG_COMPILER_APPICON_NAME = AppIcon;
				ASSETCATALOG_COMPILER_GLOBAL_ACCENT_COLOR_NAME = AccentColor;
				CODE_SIGN_IDENTITY = "iPhone Developer";
				CODE_SIGN_STYLE = Manual;
				CURRENT_PROJECT_VERSION = 1;
				DEVELOPMENT_TEAM = 492U995837;
				GENERATE_INFOPLIST_FILE = YES;
				INFOPLIST_FILE = "ccache-sample/Info.plist";
				INFOPLIST_KEY_UIApplicationSupportsIndirectInputEvents = YES;
				INFOPLIST_KEY_UILaunchStoryboardName = LaunchScreen;
				INFOPLIST_KEY_UIMainStoryboardFile = Main;
				INFOPLIST_KEY_UISupportedInterfaceOrientations_iPad = "UIInterfaceOrientationPortrait UIInterfaceOrientationPortraitUpsideDown UIInterfaceOrientationLandscapeLeft UIInterfaceOrientationLandscapeRight";
				INFOPLIST_KEY_UISupportedInterfaceOrientations_iPhone = "UIInterfaceOrientationPortrait UIInterfaceOrientationLandscapeLeft UIInterfaceOrientationLandscapeRight";
				IPHONEOS_DEPLOYMENT_TARGET = 13.0;
				LD_RUNPATH_SEARCH_PATHS = (
					"$(inherited)",
					"@executable_path/Frameworks",
				);
				MARKETING_VERSION = 1.0;
				PRODUCT_BUNDLE_IDENTIFIER = "com.taihe.ccache-sample";
				PRODUCT_NAME = "$(TARGET_NAME)";
				PROVISIONING_PROFILE_SPECIFIER = "match Development com.taihe.*";
				SWIFT_EMIT_LOC_STRINGS = YES;
				TARGETED_DEVICE_FAMILY = "1,2";
			};
			name = Release;
		};
		3CE264F628A69115004F8D6E /* Debug */ = {
			isa = XCBuildConfiguration;
			buildSettings = {
				CLANG_CXX_LIBRARY = "libc++";
				CODE_SIGN_IDENTITY = "iPhone Developer";
				CODE_SIGN_STYLE = Manual;
				CURRENT_PROJECT_VERSION = 1;
				DEFINES_MODULE = YES;
				DEVELOPMENT_TEAM = "";
				DYLIB_COMPATIBILITY_VERSION = 1;
				DYLIB_CURRENT_VERSION = 1;
				DYLIB_INSTALL_NAME_BASE = "@rpath";
				GENERATE_INFOPLIST_FILE = YES;
				INFOPLIST_KEY_NSHumanReadableCopyright = "";
				INSTALL_PATH = "$(LOCAL_LIBRARY_DIR)/Frameworks";
				IPHONEOS_DEPLOYMENT_TARGET = 13.0;
				LD_RUNPATH_SEARCH_PATHS = (
					"$(inherited)",
					"@executable_path/Frameworks",
					"@loader_path/Frameworks",
				);
				MARKETING_VERSION = 1.0;
				PRODUCT_BUNDLE_IDENTIFIER = com.0x1306a94.Kit;
				PRODUCT_NAME = "$(TARGET_NAME:c99extidentifier)";
				PROVISIONING_PROFILE_SPECIFIER = "";
				"PROVISIONING_PROFILE_SPECIFIER[sdk=macosx*]" = "";
				SKIP_INSTALL = YES;
				SUPPORTS_MACCATALYST = NO;
				SWIFT_EMIT_LOC_STRINGS = YES;
				TARGETED_DEVICE_FAMILY = 1;
				VERSIONING_SYSTEM = "apple-generic";
				VERSION_INFO_PREFIX = "";
			};
			name = Debug;
		};
		3CE264F728A69115004F8D6E /* Release */ = {
			isa = XCBuildConfiguration;
			buildSettings = {
				CLANG_CXX_LIBRARY = "libc++";
				CODE_SIGN_IDENTITY = "iPhone Developer";
				CODE_SIGN_STYLE = Manual;
				CURRENT_PROJECT_VERSION = 1;
				DEFINES_MODULE = YES;
				DEVELOPMENT_TEAM = "";
				DYLIB_COMPATIBILITY_VERSION = 1;
				DYLIB_CURRENT_VERSION = 1;
				DYLIB_INSTALL_NAME_BASE = "@rpath";
				GENERATE_INFOPLIST_FILE = YES;
				INFOPLIST_KEY_NSHumanReadableCopyright = "";
				INSTALL_PATH = "$(LOCAL_LIBRARY_DIR)/Frameworks";
				IPHONEOS_DEPLOYMENT_TARGET = 13.0;
				LD_RUNPATH_SEARCH_PATHS = (
					"$(inherited)",
					"@executable_path/Frameworks",
					"@loader_path/Frameworks",
				);
				MARKETING_VERSION = 1.0;
				PRODUCT_BUNDLE_IDENTIFIER = com.0x1306a94.Kit;
				PRODUCT_NAME = "$(TARGET_NAME:c99extidentifier)";
				PROVISIONING_PROFILE_SPECIFIER = "";
				"PROVISIONING_PROFILE_SPECIFIER[sdk=macosx*]" = "";
				SKIP_INSTALL = YES;
				SUPPORTS_MACCATALYST = NO;
				SWIFT_EMIT_LOC_STRINGS = YES;
				TARGETED_DEVICE_FAMILY = 1;
				VERSIONING_SYSTEM = "apple-generic";
				VERSION_INFO_PREFIX = "";
			};
			name = Release;
		};
/* End XCBuildConfiguration section */

/* Begin XCConfigurationList section */
		3CAE28BC2898D19E003F03E5 /* Build configuration list for PBXProject "ccache-sample" */ = {
			isa = XCConfigurationList;
			buildConfigurations = (
				3CAE28D82898D1A0003F03E5 /* Debug */,
				3CAE28D92898D1A0003F03E5 /* Release */,
			);
			defaultConfigurationIsVisible = 0;
			defaultConfigurationName = Release;
		};
		3CAE28DA2898D1A0003F03E5 /* Build configuration list for PBXNativeTarget "ccache-sample" */ = {
			isa = XCConfigurationList;
			buildConfigurations = (
				3CAE28DB2898D1A0003F03E5 /* Debug */,
				3CAE28DC2898D1A0003F03E5 /* Release */,
			);
			defaultConfigurationIsVisible = 0;
			defaultConfigurationName = Release;
		};
		3CE264F828A69115004F8D6E /* Build configuration list for PBXNativeTarget "Kit" */ = {
			isa = XCConfigurationList;
			buildConfigurations = (
				3CE264F628A69115004F8D6E /* Debug */,
				3CE264F728A69115004F8D6E /* Release */,
			);
			defaultConfigurationIsVisible = 0;
			defaultConfigurationName = Release;
		};
/* End XCConfigurationList section */
	};
	rootObject = 3CAE28B92898D19E003F03E5 /* Project object */;
}
